
Microsoft Visual Studio Solution File, Format Version 12.00
# Visual Studio Version 16
VisualStudioVersion = 16.0.30804.86
MinimumVisualStudioVersion = 10.0.40219.1
Project("{9A19103F-16F7-4668-BE54-9A1E7A4F7556}") = "QuantConnect.Atreyu", "QuantConnect.Atreyu\QuantConnect.Atreyu.csproj", "{2218237B-4D3B-4E70-8308-0CC80A14FCD8}"
EndProject
Project("{9A19103F-16F7-4668-BE54-9A1E7A4F7556}") = "QuantConnect", "..\Lean\Common\QuantConnect.csproj", "{2545C0B4-FABB-49C9-8DD1-9AD7EE23F86B}"
EndProject
Project("{9A19103F-16F7-4668-BE54-9A1E7A4F7556}") = "QuantConnect.Logging", "..\Lean\Logging\QuantConnect.Logging.csproj", "{01911409-86BE-4E7D-9947-DF714138610D}"
EndProject
Project("{9A19103F-16F7-4668-BE54-9A1E7A4F7556}") = "QuantConnect.Brokerages", "..\Lean\Brokerages\QuantConnect.Brokerages.csproj", "{2D3E13CF-2D14-4180-A42D-F0A13AF0ADE2}"
EndProject
Project("{9A19103F-16F7-4668-BE54-9A1E7A4F7556}") = "QuantConnect.Configuration", "..\Lean\Configuration\QuantConnect.Configuration.csproj", "{0AEB4EA3-28C8-476E-89FD-926F06590B4C}"
EndProject
Project("{9A19103F-16F7-4668-BE54-9A1E7A4F7556}") = "QuantConnect.Atreyu.Tests", "Tests\QuantConnect.Atreyu.Tests.csproj", "{7F325CDD-0680-415A-B266-3200E1A1AFDD}"
EndProject
Global
	GlobalSection(SolutionConfigurationPlatforms) = preSolution
		Debug|Any CPU = Debug|Any CPU
		Release|Any CPU = Release|Any CPU
	EndGlobalSection
	GlobalSection(ProjectConfigurationPlatforms) = postSolution
		{2218237B-4D3B-4E70-8308-0CC80A14FCD8}.Debug|Any CPU.ActiveCfg = Debug|Any CPU
		{2218237B-4D3B-4E70-8308-0CC80A14FCD8}.Debug|Any CPU.Build.0 = Debug|Any CPU
		{2218237B-4D3B-4E70-8308-0CC80A14FCD8}.Release|Any CPU.ActiveCfg = Release|Any CPU
		{2218237B-4D3B-4E70-8308-0CC80A14FCD8}.Release|Any CPU.Build.0 = Release|Any CPU
		{2545C0B4-FABB-49C9-8DD1-9AD7EE23F86B}.Debug|Any CPU.ActiveCfg = Debug|Any CPU
		{2545C0B4-FABB-49C9-8DD1-9AD7EE23F86B}.Debug|Any CPU.Build.0 = Debug|Any CPU
		{2545C0B4-FABB-49C9-8DD1-9AD7EE23F86B}.Release|Any CPU.ActiveCfg = Release|Any CPU
		{2545C0B4-FABB-49C9-8DD1-9AD7EE23F86B}.Release|Any CPU.Build.0 = Release|Any CPU
		{01911409-86BE-4E7D-9947-DF714138610D}.Debug|Any CPU.ActiveCfg = Debug|Any CPU
		{01911409-86BE-4E7D-9947-DF714138610D}.Debug|Any CPU.Build.0 = Debug|Any CPU
		{01911409-86BE-4E7D-9947-DF714138610D}.Release|Any CPU.ActiveCfg = Release|Any CPU
		{01911409-86BE-4E7D-9947-DF714138610D}.Release|Any CPU.Build.0 = Release|Any CPU
		{2D3E13CF-2D14-4180-A42D-F0A13AF0ADE2}.Debug|Any CPU.ActiveCfg = Debug|Any CPU
		{2D3E13CF-2D14-4180-A42D-F0A13AF0ADE2}.Debug|Any CPU.Build.0 = Debug|Any CPU
		{2D3E13CF-2D14-4180-A42D-F0A13AF0ADE2}.Release|Any CPU.ActiveCfg = Release|Any CPU
		{2D3E13CF-2D14-4180-A42D-F0A13AF0ADE2}.Release|Any CPU.Build.0 = Release|Any CPU
		{0AEB4EA3-28C8-476E-89FD-926F06590B4C}.Debug|Any CPU.ActiveCfg = Debug|Any CPU
		{0AEB4EA3-28C8-476E-89FD-926F06590B4C}.Debug|Any CPU.Build.0 = Debug|Any CPU
		{0AEB4EA3-28C8-476E-89FD-926F06590B4C}.Release|Any CPU.ActiveCfg = Release|Any CPU
		{0AEB4EA3-28C8-476E-89FD-926F06590B4C}.Release|Any CPU.Build.0 = Release|Any CPU
		{7F325CDD-0680-415A-B266-3200E1A1AFDD}.Debug|Any CPU.ActiveCfg = Debug|Any CPU
		{7F325CDD-0680-415A-B266-3200E1A1AFDD}.Debug|Any CPU.Build.0 = Debug|Any CPU
		{7F325CDD-0680-415A-B266-3200E1A1AFDD}.Release|Any CPU.ActiveCfg = Release|Any CPU
		{7F325CDD-0680-415A-B266-3200E1A1AFDD}.Release|Any CPU.Build.0 = Release|Any CPU
	EndGlobalSection
	GlobalSection(SolutionProperties) = preSolution
		HideSolutionNode = FALSE
	EndGlobalSection
	GlobalSection(ExtensibilityGlobals) = postSolution
		SolutionGuid = {32CAA7B8-F31B-4021-BAD5-8F59C91A6534}
	EndGlobalSection
EndGlobal
