
Microsoft Visual Studio Solution File, Format Version 12.00
# Visual Studio Version 16
VisualStudioVersion = 16.0.30804.86
MinimumVisualStudioVersion = 10.0.40219.1
Project("{FAE04EC0-301F-11D3-BF4B-00C04F79EFBC}") = "Brokerages.Atreyu", "Brokerages.Atreyu\Brokerages.Atreyu.csproj", "{2218237B-4D3B-4E70-8308-0CC80A14FCD8}"
EndProject
Project("{FAE04EC0-301F-11D3-BF4B-00C04F79EFBC}") = "QuantConnect", "..\Lean\Common\QuantConnect.csproj", "{2545C0B4-FABB-49C9-8DD1-9AD7EE23F86B}"
EndProject
Project("{FAE04EC0-301F-11D3-BF4B-00C04F79EFBC}") = "QuantConnect.Logging", "..\Lean\Logging\QuantConnect.Logging.csproj", "{01911409-86BE-4E7D-9947-DF714138610D}"
EndProject
Project("{FAE04EC0-301F-11D3-BF4B-00C04F79EFBC}") = "QuantConnect.Brokerages", "..\Lean\Brokerages\QuantConnect.Brokerages.csproj", "{2D3E13CF-2D14-4180-A42D-F0A13AF0ADE2}"
EndProject
Project("{FAE04EC0-301F-11D3-BF4B-00C04F79EFBC}") = "QuantConnect.Configuration", "..\Lean\Configuration\QuantConnect.Configuration.csproj", "{0AEB4EA3-28C8-476E-89FD-926F06590B4C}"
EndProject
Global
	GlobalSection(SolutionConfigurationPlatforms) = preSolution
		Debug|Any CPU = Debug|Any CPU
		Debug|x64 = Debug|x64
		Mono|Any CPU = Mono|Any CPU
		Mono|x64 = Mono|x64
		Release|Any CPU = Release|Any CPU
		Release|x64 = Release|x64
	EndGlobalSection
	GlobalSection(ProjectConfigurationPlatforms) = postSolution
		{2218237B-4D3B-4E70-8308-0CC80A14FCD8}.Debug|Any CPU.ActiveCfg = Debug|Any CPU
		{2218237B-4D3B-4E70-8308-0CC80A14FCD8}.Debug|Any CPU.Build.0 = Debug|Any CPU
		{2218237B-4D3B-4E70-8308-0CC80A14FCD8}.Debug|x64.ActiveCfg = Debug|Any CPU
		{2218237B-4D3B-4E70-8308-0CC80A14FCD8}.Debug|x64.Build.0 = Debug|Any CPU
		{2218237B-4D3B-4E70-8308-0CC80A14FCD8}.Mono|Any CPU.ActiveCfg = Release|Any CPU
		{2218237B-4D3B-4E70-8308-0CC80A14FCD8}.Mono|Any CPU.Build.0 = Release|Any CPU
		{2218237B-4D3B-4E70-8308-0CC80A14FCD8}.Mono|x64.ActiveCfg = Release|Any CPU
		{2218237B-4D3B-4E70-8308-0CC80A14FCD8}.Mono|x64.Build.0 = Release|Any CPU
		{2218237B-4D3B-4E70-8308-0CC80A14FCD8}.Release|Any CPU.ActiveCfg = Release|Any CPU
		{2218237B-4D3B-4E70-8308-0CC80A14FCD8}.Release|Any CPU.Build.0 = Release|Any CPU
		{2218237B-4D3B-4E70-8308-0CC80A14FCD8}.Release|x64.ActiveCfg = Release|Any CPU
		{2218237B-4D3B-4E70-8308-0CC80A14FCD8}.Release|x64.Build.0 = Release|Any CPU
		{2545C0B4-FABB-49C9-8DD1-9AD7EE23F86B}.Debug|Any CPU.ActiveCfg = Debug|Any CPU
		{2545C0B4-FABB-49C9-8DD1-9AD7EE23F86B}.Debug|Any CPU.Build.0 = Debug|Any CPU
		{2545C0B4-FABB-49C9-8DD1-9AD7EE23F86B}.Debug|x64.ActiveCfg = Debug|x64
		{2545C0B4-FABB-49C9-8DD1-9AD7EE23F86B}.Debug|x64.Build.0 = Debug|x64
		{2545C0B4-FABB-49C9-8DD1-9AD7EE23F86B}.Mono|Any CPU.ActiveCfg = Mono|Any CPU
		{2545C0B4-FABB-49C9-8DD1-9AD7EE23F86B}.Mono|Any CPU.Build.0 = Mono|Any CPU
		{2545C0B4-FABB-49C9-8DD1-9AD7EE23F86B}.Mono|x64.ActiveCfg = Mono|x64
		{2545C0B4-FABB-49C9-8DD1-9AD7EE23F86B}.Mono|x64.Build.0 = Mono|x64
		{2545C0B4-FABB-49C9-8DD1-9AD7EE23F86B}.Release|Any CPU.ActiveCfg = Release|Any CPU
		{2545C0B4-FABB-49C9-8DD1-9AD7EE23F86B}.Release|Any CPU.Build.0 = Release|Any CPU
		{2545C0B4-FABB-49C9-8DD1-9AD7EE23F86B}.Release|x64.ActiveCfg = Release|x64
		{2545C0B4-FABB-49C9-8DD1-9AD7EE23F86B}.Release|x64.Build.0 = Release|x64
		{01911409-86BE-4E7D-9947-DF714138610D}.Debug|Any CPU.ActiveCfg = Debug|Any CPU
		{01911409-86BE-4E7D-9947-DF714138610D}.Debug|Any CPU.Build.0 = Debug|Any CPU
		{01911409-86BE-4E7D-9947-DF714138610D}.Debug|x64.ActiveCfg = Debug|x64
		{01911409-86BE-4E7D-9947-DF714138610D}.Debug|x64.Build.0 = Debug|x64
		{01911409-86BE-4E7D-9947-DF714138610D}.Mono|Any CPU.ActiveCfg = Debug|Any CPU
		{01911409-86BE-4E7D-9947-DF714138610D}.Mono|Any CPU.Build.0 = Debug|Any CPU
		{01911409-86BE-4E7D-9947-DF714138610D}.Mono|x64.ActiveCfg = Debug|x64
		{01911409-86BE-4E7D-9947-DF714138610D}.Mono|x64.Build.0 = Debug|x64
		{01911409-86BE-4E7D-9947-DF714138610D}.Release|Any CPU.ActiveCfg = Release|Any CPU
		{01911409-86BE-4E7D-9947-DF714138610D}.Release|Any CPU.Build.0 = Release|Any CPU
		{01911409-86BE-4E7D-9947-DF714138610D}.Release|x64.ActiveCfg = Release|x64
		{01911409-86BE-4E7D-9947-DF714138610D}.Release|x64.Build.0 = Release|x64
		{2D3E13CF-2D14-4180-A42D-F0A13AF0ADE2}.Debug|Any CPU.ActiveCfg = Debug|Any CPU
		{2D3E13CF-2D14-4180-A42D-F0A13AF0ADE2}.Debug|Any CPU.Build.0 = Debug|Any CPU
		{2D3E13CF-2D14-4180-A42D-F0A13AF0ADE2}.Debug|x64.ActiveCfg = Debug|Any CPU
		{2D3E13CF-2D14-4180-A42D-F0A13AF0ADE2}.Debug|x64.Build.0 = Debug|Any CPU
		{2D3E13CF-2D14-4180-A42D-F0A13AF0ADE2}.Mono|Any CPU.ActiveCfg = Debug|Any CPU
		{2D3E13CF-2D14-4180-A42D-F0A13AF0ADE2}.Mono|Any CPU.Build.0 = Debug|Any CPU
		{2D3E13CF-2D14-4180-A42D-F0A13AF0ADE2}.Mono|x64.ActiveCfg = Debug|Any CPU
		{2D3E13CF-2D14-4180-A42D-F0A13AF0ADE2}.Mono|x64.Build.0 = Debug|Any CPU
		{2D3E13CF-2D14-4180-A42D-F0A13AF0ADE2}.Release|Any CPU.ActiveCfg = Release|Any CPU
		{2D3E13CF-2D14-4180-A42D-F0A13AF0ADE2}.Release|Any CPU.Build.0 = Release|Any CPU
		{2D3E13CF-2D14-4180-A42D-F0A13AF0ADE2}.Release|x64.ActiveCfg = Release|Any CPU
		{2D3E13CF-2D14-4180-A42D-F0A13AF0ADE2}.Release|x64.Build.0 = Release|Any CPU
		{0AEB4EA3-28C8-476E-89FD-926F06590B4C}.Debug|Any CPU.ActiveCfg = Debug|Any CPU
		{0AEB4EA3-28C8-476E-89FD-926F06590B4C}.Debug|Any CPU.Build.0 = Debug|Any CPU
		{0AEB4EA3-28C8-476E-89FD-926F06590B4C}.Debug|x64.ActiveCfg = Debug|Any CPU
		{0AEB4EA3-28C8-476E-89FD-926F06590B4C}.Debug|x64.Build.0 = Debug|Any CPU
		{0AEB4EA3-28C8-476E-89FD-926F06590B4C}.Mono|Any CPU.ActiveCfg = Debug|Any CPU
		{0AEB4EA3-28C8-476E-89FD-926F06590B4C}.Mono|Any CPU.Build.0 = Debug|Any CPU
		{0AEB4EA3-28C8-476E-89FD-926F06590B4C}.Mono|x64.ActiveCfg = Debug|Any CPU
		{0AEB4EA3-28C8-476E-89FD-926F06590B4C}.Mono|x64.Build.0 = Debug|Any CPU
		{0AEB4EA3-28C8-476E-89FD-926F06590B4C}.Release|Any CPU.ActiveCfg = Release|Any CPU
		{0AEB4EA3-28C8-476E-89FD-926F06590B4C}.Release|Any CPU.Build.0 = Release|Any CPU
		{0AEB4EA3-28C8-476E-89FD-926F06590B4C}.Release|x64.ActiveCfg = Release|Any CPU
		{0AEB4EA3-28C8-476E-89FD-926F06590B4C}.Release|x64.Build.0 = Release|Any CPU
	EndGlobalSection
	GlobalSection(SolutionProperties) = preSolution
		HideSolutionNode = FALSE
	EndGlobalSection
	GlobalSection(ExtensibilityGlobals) = postSolution
		SolutionGuid = {32CAA7B8-F31B-4021-BAD5-8F59C91A6534}
	EndGlobalSection
EndGlobal
